// !$*UTF8*$!
{
	archiveVersion = 1;
	classes = {
	};
	objectVersion = 46;
	objects = {

/* Begin PBXBuildFile section */
		BC0B519E1BA195C8008AC0EE /* main.cpp in Sources */ = {isa = PBXBuildFile; fileRef = BC0B519D1BA195C8008AC0EE /* main.cpp */; };
		BC0B51A61BA196BE008AC0EE /* SerialPort.cpp in Sources */ = {isa = PBXBuildFile; fileRef = BC0B51A41BA196BE008AC0EE /* SerialPort.cpp */; };
/* End PBXBuildFile section */

/* Begin PBXCopyFilesBuildPhase section */
		BC0B51981BA195C8008AC0EE /* CopyFiles */ = {
			isa = PBXCopyFilesBuildPhase;
			buildActionMask = 2147483647;
			dstPath = /usr/share/man/man1/;
			dstSubfolderSpec = 0;
			files = (
			);
			runOnlyForDeploymentPostprocessing = 1;
		};
/* End PBXCopyFilesBuildPhase section */

/* Begin PBXFileReference section */
		BC0B519A1BA195C8008AC0EE /* SerialComm */ = {isa = PBXFileReference; explicitFileType = "compiled.mach-o.executable"; includeInIndex = 0; path = SerialComm; sourceTree = BUILT_PRODUCTS_DIR; };
		BC0B519D1BA195C8008AC0EE /* main.cpp */ = {isa = PBXFileReference; lastKnownFileType = sourcecode.cpp.cpp; path = main.cpp; sourceTree = "<group>"; };
		BC0B51A41BA196BE008AC0EE /* SerialPort.cpp */ = {isa = PBXFileReference; fileEncoding = 4; lastKnownFileType = sourcecode.cpp.cpp; path = SerialPort.cpp; sourceTree = "<group>"; };
		BC0B51A51BA196BE008AC0EE /* SerialPort.h */ = {isa = PBXFileReference; fileEncoding = 4; lastKnownFileType = sourcecode.c.h; path = SerialPort.h; sourceTree = "<group>"; };
		BC0B51A71BA197FC008AC0EE /* defines.h */ = {isa = PBXFileReference; lastKnownFileType = sourcecode.c.h; path = defines.h; sourceTree = "<group>"; };
/* End PBXFileReference section */

/* Begin PBXFrameworksBuildPhase section */
		BC0B51971BA195C8008AC0EE /* Frameworks */ = {
			isa = PBXFrameworksBuildPhase;
			buildActionMask = 2147483647;
			files = (
			);
			runOnlyForDeploymentPostprocessing = 0;
		};
/* End PBXFrameworksBuildPhase section */

/* Begin PBXGroup section */
		BC0B51911BA195C8008AC0EE = {
			isa = PBXGroup;
			children = (
				BC0B519C1BA195C8008AC0EE /* SerialComm */,
				BC0B519B1BA195C8008AC0EE /* Products */,
			);
			sourceTree = "<group>";
		};
		BC0B519B1BA195C8008AC0EE /* Products */ = {
			isa = PBXGroup;
			children = (
				BC0B519A1BA195C8008AC0EE /* SerialComm */,
			);
			name = Products;
			sourceTree = "<group>";
		};
		BC0B519C1BA195C8008AC0EE /* SerialComm */ = {
			isa = PBXGroup;
			children = (
				BC0B51A41BA196BE008AC0EE /* SerialPort.cpp */,
				BC0B51A51BA196BE008AC0EE /* SerialPort.h */,
				BC0B519D1BA195C8008AC0EE /* main.cpp */,
				BC0B51A71BA197FC008AC0EE /* defines.h */,
			);
			path = SerialComm;
			sourceTree = "<group>";
		};
/* End PBXGroup section */

/* Begin PBXNativeTarget section */
		BC0B51991BA195C8008AC0EE /* SerialComm */ = {
			isa = PBXNativeTarget;
			buildConfigurationList = BC0B51A11BA195C8008AC0EE /* Build configuration list for PBXNativeTarget "SerialComm" */;
			buildPhases = (
				BC0B51961BA195C8008AC0EE /* Sources */,
				BC0B51971BA195C8008AC0EE /* Frameworks */,
				BC0B51981BA195C8008AC0EE /* CopyFiles */,
			);
			buildRules = (
			);
			dependencies = (
			);
			name = SerialComm;
			productName = SerialComm;
			productReference = BC0B519A1BA195C8008AC0EE /* SerialComm */;
			productType = "com.apple.product-type.tool";
		};
/* End PBXNativeTarget section */

/* Begin PBXProject section */
		BC0B51921BA195C8008AC0EE /* Project object */ = {
			isa = PBXProject;
			attributes = {
				LastUpgradeCheck = 0620;
				ORGANIZATIONNAME = "NquiringMinds LTD";
				TargetAttributes = {
					BC0B51991BA195C8008AC0EE = {
						CreatedOnToolsVersion = 6.2;
					};
				};
			};
			buildConfigurationList = BC0B51951BA195C8008AC0EE /* Build configuration list for PBXProject "SerialComm" */;
			compatibilityVersion = "Xcode 3.2";
			developmentRegion = English;
			hasScannedForEncodings = 0;
			knownRegions = (
				en,
			);
			mainGroup = BC0B51911BA195C8008AC0EE;
			productRefGroup = BC0B519B1BA195C8008AC0EE /* Products */;
			projectDirPath = "";
			projectRoot = "";
			targets = (
				BC0B51991BA195C8008AC0EE /* SerialComm */,
			);
		};
/* End PBXProject section */

/* Begin PBXSourcesBuildPhase section */
		BC0B51961BA195C8008AC0EE /* Sources */ = {
			isa = PBXSourcesBuildPhase;
			buildActionMask = 2147483647;
			files = (
				BC0B51A61BA196BE008AC0EE /* SerialPort.cpp in Sources */,
				BC0B519E1BA195C8008AC0EE /* main.cpp in Sources */,
			);
			runOnlyForDeploymentPostprocessing = 0;
		};
/* End PBXSourcesBuildPhase section */

/* Begin XCBuildConfiguration section */
		BC0B519F1BA195C8008AC0EE /* Debug */ = {
			isa = XCBuildConfiguration;
			buildSettings = {
				ALWAYS_SEARCH_USER_PATHS = NO;
				CLANG_CXX_LANGUAGE_STANDARD = "gnu++0x";
				CLANG_CXX_LIBRARY = "libc++";
				CLANG_ENABLE_MODULES = YES;
				CLANG_ENABLE_OBJC_ARC = YES;
				CLANG_WARN_BOOL_CONVERSION = YES;
				CLANG_WARN_CONSTANT_CONVERSION = YES;
				CLANG_WARN_DIRECT_OBJC_ISA_USAGE = YES_ERROR;
				CLANG_WARN_EMPTY_BODY = YES;
				CLANG_WARN_ENUM_CONVERSION = YES;
				CLANG_WARN_INT_CONVERSION = YES;
				CLANG_WARN_OBJC_ROOT_CLASS = YES_ERROR;
				CLANG_WARN_UNREACHABLE_CODE = YES;
				CLANG_WARN__DUPLICATE_METHOD_MATCH = YES;
				COPY_PHASE_STRIP = NO;
				ENABLE_STRICT_OBJC_MSGSEND = YES;
				GCC_C_LANGUAGE_STANDARD = gnu99;
				GCC_DYNAMIC_NO_PIC = NO;
				GCC_OPTIMIZATION_LEVEL = 0;
				GCC_PREPROCESSOR_DEFINITIONS = (
					"DEBUG=1",
					"$(inherited)",
				);
				GCC_SYMBOLS_PRIVATE_EXTERN = NO;
				GCC_WARN_64_TO_32_BIT_CONVERSION = YES;
				GCC_WARN_ABOUT_RETURN_TYPE = YES_ERROR;
				GCC_WARN_UNDECLARED_SELECTOR = YES;
				GCC_WARN_UNINITIALIZED_AUTOS = YES_AGGRESSIVE;
				GCC_WARN_UNUSED_FUNCTION = YES;
				GCC_WARN_UNUSED_VARIABLE = YES;
				MACOSX_DEPLOYMENT_TARGET = 10.9;
				MTL_ENABLE_DEBUG_INFO = YES;
				ONLY_ACTIVE_ARCH = YES;
				SDKROOT = macosx;
			};
			name = Debug;
		};
		BC0B51A01BA195C8008AC0EE /* Release */ = {
			isa = XCBuildConfiguration;
			buildSettings = {
				ALWAYS_SEARCH_USER_PATHS = NO;
				CLANG_CXX_LANGUAGE_STANDARD = "gnu++0x";
				CLANG_CXX_LIBRARY = "libc++";
				CLANG_ENABLE_MODULES = YES;
				CLANG_ENABLE_OBJC_ARC = YES;
				CLANG_WARN_BOOL_CONVERSION = YES;
				CLANG_WARN_CONSTANT_CONVERSION = YES;
				CLANG_WARN_DIRECT_OBJC_ISA_USAGE = YES_ERROR;
				CLANG_WARN_EMPTY_BODY = YES;
				CLANG_WARN_ENUM_CONVERSION = YES;
				CLANG_WARN_INT_CONVERSION = YES;
				CLANG_WARN_OBJC_ROOT_CLASS = YES_ERROR;
				CLANG_WARN_UNREACHABLE_CODE = YES;
				CLANG_WARN__DUPLICATE_METHOD_MATCH = YES;
				COPY_PHASE_STRIP = NO;
				DEBUG_INFORMATION_FORMAT = "dwarf-with-dsym";
				ENABLE_NS_ASSERTIONS = NO;
				ENABLE_STRICT_OBJC_MSGSEND = YES;
				GCC_C_LANGUAGE_STANDARD = gnu99;
				GCC_WARN_64_TO_32_BIT_CONVERSION = YES;
				GCC_WARN_ABOUT_RETURN_TYPE = YES_ERROR;
				GCC_WARN_UNDECLARED_SELECTOR = YES;
				GCC_WARN_UNINITIALIZED_AUTOS = YES_AGGRESSIVE;
				GCC_WARN_UNUSED_FUNCTION = YES;
				GCC_WARN_UNUSED_VARIABLE = YES;
				MACOSX_DEPLOYMENT_TARGET = 10.9;
				MTL_ENABLE_DEBUG_INFO = NO;
				SDKROOT = macosx;
			};
			name = Release;
		};
		BC0B51A21BA195C8008AC0EE /* Debug */ = {
			isa = XCBuildConfiguration;
			buildSettings = {
				PRODUCT_NAME = "$(TARGET_NAME)";
			};
			name = Debug;
		};
		BC0B51A31BA195C8008AC0EE /* Release */ = {
			isa = XCBuildConfiguration;
			buildSettings = {
				PRODUCT_NAME = "$(TARGET_NAME)";
			};
			name = Release;
		};
/* End XCBuildConfiguration section */

/* Begin XCConfigurationList section */
		BC0B51951BA195C8008AC0EE /* Build configuration list for PBXProject "SerialComm" */ = {
			isa = XCConfigurationList;
			buildConfigurations = (
				BC0B519F1BA195C8008AC0EE /* Debug */,
				BC0B51A01BA195C8008AC0EE /* Release */,
			);
			defaultConfigurationIsVisible = 0;
			defaultConfigurationName = Release;
		};
		BC0B51A11BA195C8008AC0EE /* Build configuration list for PBXNativeTarget "SerialComm" */ = {
			isa = XCConfigurationList;
			buildConfigurations = (
				BC0B51A21BA195C8008AC0EE /* Debug */,
				BC0B51A31BA195C8008AC0EE /* Release */,
			);
			defaultConfigurationIsVisible = 0;
		};
/* End XCConfigurationList section */
	};
	rootObject = BC0B51921BA195C8008AC0EE /* Project object */;
}
